
Microsoft Visual Studio Solution File, Format Version 12.00
# Visual Studio Version 17
VisualStudioVersion = 17.7.34202.233
MinimumVisualStudioVersion = 10.0.40219.1
Project("{FAE04EC0-301F-11D3-BF4B-00C04F79EFBC}") = "Final Project", "Final Project\Final Project.csproj", "{E9E2E9CB-8C72-47A2-A94D-3AC968A6DE0E}"
EndProject
Global
	GlobalSection(SolutionConfigurationPlatforms) = preSolution
		Debug|Any CPU = Debug|Any CPU
		Release|Any CPU = Release|Any CPU
	EndGlobalSection
	GlobalSection(ProjectConfigurationPlatforms) = postSolution
		{E9E2E9CB-8C72-47A2-A94D-3AC968A6DE0E}.Debug|Any CPU.ActiveCfg = Debug|Any CPU
		{E9E2E9CB-8C72-47A2-A94D-3AC968A6DE0E}.Debug|Any CPU.Build.0 = Debug|Any CPU
		{E9E2E9CB-8C72-47A2-A94D-3AC968A6DE0E}.Release|Any CPU.ActiveCfg = Release|Any CPU
		{E9E2E9CB-8C72-47A2-A94D-3AC968A6DE0E}.Release|Any CPU.Build.0 = Release|Any CPU
	EndGlobalSection
	GlobalSection(SolutionProperties) = preSolution
		HideSolutionNode = FALSE
	EndGlobalSection
	GlobalSection(ExtensibilityGlobals) = postSolution
		SolutionGuid = {5C1C1C24-1A67-4ABC-BA7A-3F5B9D09C21D}
	EndGlobalSection
EndGlobal
